
Microsoft Visual Studio Solution File, Format Version 12.00
# Visual Studio Version 17
VisualStudioVersion = 17.7.34221.43
MinimumVisualStudioVersion = 10.0.40219.1
Project("{2150E333-8FDC-42A3-9474-1A3956D46DE8}") = "Doc", "Doc", "{C44F9819-BE3E-4B95-A825-E4AB5B6B6FB4}"
EndProject
Project("{2150E333-8FDC-42A3-9474-1A3956D46DE8}") = "Src", "Src", "{FC79F1BD-2619-4F61-A405-1C57CEF668E1}"
EndProject
Project("{2150E333-8FDC-42A3-9474-1A3956D46DE8}") = "Test", "Test", "{CAD31433-4C4B-4D90-8B2D-9F352C8B6419}"
EndProject
Project("{2150E333-8FDC-42A3-9474-1A3956D46DE8}") = "Core", "Core", "{A9E4056C-FD53-4A5A-8D46-D25823A804B3}"
EndProject
Project("{2150E333-8FDC-42A3-9474-1A3956D46DE8}") = "Infrastructure", "Infrastructure", "{50C10A45-BF8E-4A41-9C84-E421FACBFBEC}"
EndProject
Project("{2150E333-8FDC-42A3-9474-1A3956D46DE8}") = "Common", "Common", "{77A34A2B-F82F-4B0B-A8B7-146A809A7239}"
EndProject
Project("{2150E333-8FDC-42A3-9474-1A3956D46DE8}") = "Persention", "Persention", "{D2BFA14C-9898-4834-A141-3BA3E59320D0}"
EndProject
Project("{9A19103F-16F7-4668-BE54-9A1E7A4F7556}") = "Store.Domain", "Store.Domain\Store.Domain.csproj", "{5206B036-3DE6-4AB1-9D40-31C7EFFF2474}"
EndProject
Project("{9A19103F-16F7-4668-BE54-9A1E7A4F7556}") = "Store.Application", "Store.Application\Store.Application.csproj", "{EB012F17-F00B-406D-B244-26E927A0DCDD}"
EndProject
Project("{9A19103F-16F7-4668-BE54-9A1E7A4F7556}") = "Store.Ifrastructure", "Store.Ifrastructure\Store.Ifrastructure.csproj", "{62885861-B2E5-4A7F-9DC0-F77AE98CAD98}"
EndProject
Project("{9A19103F-16F7-4668-BE54-9A1E7A4F7556}") = "Store.Persistence", "Store.Persistence\Store.Persistence.csproj", "{3FDF5BCF-C61A-4275-AC9D-0A2D1CDECAC9}"
EndProject
Project("{9A19103F-16F7-4668-BE54-9A1E7A4F7556}") = "Store.Common", "Store.Common\Store.Common.csproj", "{B4F4B650-2506-4EA3-BE08-D9F45A3171D9}"
EndProject
Project("{9A19103F-16F7-4668-BE54-9A1E7A4F7556}") = "EndPoint.SiteMain", "EndPoint.SiteMain\EndPoint.SiteMain.csproj", "{68CC829E-5D16-4C8B-B512-5B65AB520934}"
EndProject
Global
	GlobalSection(SolutionConfigurationPlatforms) = preSolution
		Debug|Any CPU = Debug|Any CPU
		Release|Any CPU = Release|Any CPU
	EndGlobalSection
	GlobalSection(ProjectConfigurationPlatforms) = postSolution
		{5206B036-3DE6-4AB1-9D40-31C7EFFF2474}.Debug|Any CPU.ActiveCfg = Debug|Any CPU
		{5206B036-3DE6-4AB1-9D40-31C7EFFF2474}.Debug|Any CPU.Build.0 = Debug|Any CPU
		{5206B036-3DE6-4AB1-9D40-31C7EFFF2474}.Release|Any CPU.ActiveCfg = Release|Any CPU
		{5206B036-3DE6-4AB1-9D40-31C7EFFF2474}.Release|Any CPU.Build.0 = Release|Any CPU
		{EB012F17-F00B-406D-B244-26E927A0DCDD}.Debug|Any CPU.ActiveCfg = Debug|Any CPU
		{EB012F17-F00B-406D-B244-26E927A0DCDD}.Debug|Any CPU.Build.0 = Debug|Any CPU
		{EB012F17-F00B-406D-B244-26E927A0DCDD}.Release|Any CPU.ActiveCfg = Release|Any CPU
		{EB012F17-F00B-406D-B244-26E927A0DCDD}.Release|Any CPU.Build.0 = Release|Any CPU
		{62885861-B2E5-4A7F-9DC0-F77AE98CAD98}.Debug|Any CPU.ActiveCfg = Debug|Any CPU
		{62885861-B2E5-4A7F-9DC0-F77AE98CAD98}.Debug|Any CPU.Build.0 = Debug|Any CPU
		{62885861-B2E5-4A7F-9DC0-F77AE98CAD98}.Release|Any CPU.ActiveCfg = Release|Any CPU
		{62885861-B2E5-4A7F-9DC0-F77AE98CAD98}.Release|Any CPU.Build.0 = Release|Any CPU
		{3FDF5BCF-C61A-4275-AC9D-0A2D1CDECAC9}.Debug|Any CPU.ActiveCfg = Debug|Any CPU
		{3FDF5BCF-C61A-4275-AC9D-0A2D1CDECAC9}.Debug|Any CPU.Build.0 = Debug|Any CPU
		{3FDF5BCF-C61A-4275-AC9D-0A2D1CDECAC9}.Release|Any CPU.ActiveCfg = Release|Any CPU
		{3FDF5BCF-C61A-4275-AC9D-0A2D1CDECAC9}.Release|Any CPU.Build.0 = Release|Any CPU
		{B4F4B650-2506-4EA3-BE08-D9F45A3171D9}.Debug|Any CPU.ActiveCfg = Debug|Any CPU
		{B4F4B650-2506-4EA3-BE08-D9F45A3171D9}.Debug|Any CPU.Build.0 = Debug|Any CPU
		{B4F4B650-2506-4EA3-BE08-D9F45A3171D9}.Release|Any CPU.ActiveCfg = Release|Any CPU
		{B4F4B650-2506-4EA3-BE08-D9F45A3171D9}.Release|Any CPU.Build.0 = Release|Any CPU
		{68CC829E-5D16-4C8B-B512-5B65AB520934}.Debug|Any CPU.ActiveCfg = Debug|Any CPU
		{68CC829E-5D16-4C8B-B512-5B65AB520934}.Debug|Any CPU.Build.0 = Debug|Any CPU
		{68CC829E-5D16-4C8B-B512-5B65AB520934}.Release|Any CPU.ActiveCfg = Release|Any CPU
		{68CC829E-5D16-4C8B-B512-5B65AB520934}.Release|Any CPU.Build.0 = Release|Any CPU
	EndGlobalSection
	GlobalSection(SolutionProperties) = preSolution
		HideSolutionNode = FALSE
	EndGlobalSection
	GlobalSection(NestedProjects) = preSolution
		{A9E4056C-FD53-4A5A-8D46-D25823A804B3} = {FC79F1BD-2619-4F61-A405-1C57CEF668E1}
		{50C10A45-BF8E-4A41-9C84-E421FACBFBEC} = {FC79F1BD-2619-4F61-A405-1C57CEF668E1}
		{77A34A2B-F82F-4B0B-A8B7-146A809A7239} = {FC79F1BD-2619-4F61-A405-1C57CEF668E1}
		{D2BFA14C-9898-4834-A141-3BA3E59320D0} = {FC79F1BD-2619-4F61-A405-1C57CEF668E1}
		{5206B036-3DE6-4AB1-9D40-31C7EFFF2474} = {A9E4056C-FD53-4A5A-8D46-D25823A804B3}
		{EB012F17-F00B-406D-B244-26E927A0DCDD} = {A9E4056C-FD53-4A5A-8D46-D25823A804B3}
		{62885861-B2E5-4A7F-9DC0-F77AE98CAD98} = {50C10A45-BF8E-4A41-9C84-E421FACBFBEC}
		{3FDF5BCF-C61A-4275-AC9D-0A2D1CDECAC9} = {50C10A45-BF8E-4A41-9C84-E421FACBFBEC}
		{B4F4B650-2506-4EA3-BE08-D9F45A3171D9} = {77A34A2B-F82F-4B0B-A8B7-146A809A7239}
		{68CC829E-5D16-4C8B-B512-5B65AB520934} = {D2BFA14C-9898-4834-A141-3BA3E59320D0}
	EndGlobalSection
	GlobalSection(ExtensibilityGlobals) = postSolution
		SolutionGuid = {A44BF968-2F6C-441D-A44C-AB2C6545E828}
	EndGlobalSection
EndGlobal
